<?xml version="1.0" encoding="utf-8"?>
<Project ToolsVersion="4.0" xmlns="http://schemas.microsoft.com/developer/msbuild/2003">
  <ItemGroup>
    <Filter Include="Source Files">
      <UniqueIdentifier>{4FC737F1-C7A5-4376-A066-2A32D752A2FF}</UniqueIdentifier>
      <Extensions>cpp;c;cc;cxx;def;odl;idl;hpj;bat;asm;asmx</Extensions>
    </Filter>
    <Filter Include="Header Files">
      <UniqueIdentifier>{93995380-89BD-4b04-88EB-625FBE52EBFB}</UniqueIdentifier>
      <Extensions>h;hpp;hxx;hm;inl;inc;xsd</Extensions>
    </Filter>
    <Filter Include="Resource Files">
      <UniqueIdentifier>{67DA6AB6-F800-4c08-8B7A-83BB121AAD01}</UniqueIdentifier>
      <Extensions>rc;ico;cur;bmp;dlg;rc2;rct;bin;rgs;gif;jpg;jpeg;jpe;resx;tiff;tif;png;wav;mfcribbon-ms</Extensions>
    </Filter>
  </ItemGroup>
  <ItemGroup>
    <ClCompile Include="accepting and dipalyind.cpp">
      <Filter>Source Files</Filter>
    </ClCompile>
    <ClCompile Include="multiplyX3.cpp">
      <Filter>Source Files</Filter>
    </ClCompile>
    <ClCompile Include="rainfall_average.cpp">
      <Filter>Source Files</Filter>
    </ClCompile>
    <ClCompile Include="passing array element.cpp">
      <Filter>Source Files</Filter>
    </ClCompile>
    <ClCompile Include="passing entire array.cpp">
      <Filter>Source Files</Filter>
    </ClCompile>
    <ClCompile Include="pointer notaiton.cpp">
      <Filter>Source Files</Filter>
    </ClCompile>
    <ClCompile Include="combine the two array.cpp">
      <Filter>Source Files</Filter>
    </ClCompile>
    <ClCompile Include="maxi narray.cpp">
      <Filter>Source Files</Filter>
    </ClCompile>
    <ClCompile Include="sqrt.cpp">
      <Filter>Source Files</Filter>
    </ClCompile>
    <ClCompile Include="advance-1.cpp">
      <Filter>Source Files</Filter>
    </ClCompile>
    <ClCompile Include="advance 2.cpp">
      <Filter>Source Files</Filter>
    </ClCompile>
  </ItemGroup>
</Project>