
Microsoft Visual Studio Solution File, Format Version 11.00
# Visual Studio 2010
Project("{8BC9CEB8-8B4A-11D0-8D11-00A0C91BC942}") = "Employee", "Employee\Employee.vcxproj", "{771DE940-DEBB-452B-A181-61604ED222AD}"
EndProject
Global
	GlobalSection(SolutionConfigurationPlatforms) = preSolution
		Debug|Win32 = Debug|Win32
		Release|Win32 = Release|Win32
	EndGlobalSection
	GlobalSection(ProjectConfigurationPlatforms) = postSolution
		{771DE940-DEBB-452B-A181-61604ED222AD}.Debug|Win32.ActiveCfg = Debug|Win32
		{771DE940-DEBB-452B-A181-61604ED222AD}.Debug|Win32.Build.0 = Debug|Win32
		{771DE940-DEBB-452B-A181-61604ED222AD}.Release|Win32.ActiveCfg = Release|Win32
		{771DE940-DEBB-452B-A181-61604ED222AD}.Release|Win32.Build.0 = Release|Win32
	EndGlobalSection
	GlobalSection(SolutionProperties) = preSolution
		HideSolutionNode = FALSE
	EndGlobalSection
EndGlobal
