
Microsoft Visual Studio Solution File, Format Version 11.00
# Visual Studio 2010
Project("{8BC9CEB8-8B4A-11D0-8D11-00A0C91BC942}") = "participant", "participant\participant.vcxproj", "{73AE7408-8CF0-4C04-BC81-3F94842A3987}"
EndProject
Global
	GlobalSection(SolutionConfigurationPlatforms) = preSolution
		Debug|Win32 = Debug|Win32
		Release|Win32 = Release|Win32
	EndGlobalSection
	GlobalSection(ProjectConfigurationPlatforms) = postSolution
		{73AE7408-8CF0-4C04-BC81-3F94842A3987}.Debug|Win32.ActiveCfg = Debug|Win32
		{73AE7408-8CF0-4C04-BC81-3F94842A3987}.Debug|Win32.Build.0 = Debug|Win32
		{73AE7408-8CF0-4C04-BC81-3F94842A3987}.Release|Win32.ActiveCfg = Release|Win32
		{73AE7408-8CF0-4C04-BC81-3F94842A3987}.Release|Win32.Build.0 = Release|Win32
	EndGlobalSection
	GlobalSection(SolutionProperties) = preSolution
		HideSolutionNode = FALSE
	EndGlobalSection
EndGlobal
