
Microsoft Visual Studio Solution File, Format Version 11.00
# Visual Studio 2010
Project("{FAE04EC0-301F-11D3-BF4B-00C04F79EFBC}") = "Braille", "Braille\Braille.csproj", "{37C5D180-5A00-4CF5-ABB1-875128416749}"
EndProject
Global
	GlobalSection(SolutionConfigurationPlatforms) = preSolution
		Debug|Any CPU = Debug|Any CPU
		Release|Any CPU = Release|Any CPU
	EndGlobalSection
	GlobalSection(ProjectConfigurationPlatforms) = postSolution
		{37C5D180-5A00-4CF5-ABB1-875128416749}.Debug|Any CPU.ActiveCfg = Debug|Any CPU
		{37C5D180-5A00-4CF5-ABB1-875128416749}.Debug|Any CPU.Build.0 = Debug|Any CPU
		{37C5D180-5A00-4CF5-ABB1-875128416749}.Release|Any CPU.ActiveCfg = Release|Any CPU
		{37C5D180-5A00-4CF5-ABB1-875128416749}.Release|Any CPU.Build.0 = Release|Any CPU
	EndGlobalSection
	GlobalSection(SolutionProperties) = preSolution
		HideSolutionNode = FALSE
	EndGlobalSection
EndGlobal
