
Microsoft Visual Studio Solution File, Format Version 11.00
# Visual Studio 2010
Project("{8BC9CEB8-8B4A-11D0-8D11-00A0C91BC942}") = "hangman", "hangman.vcxproj", "{F3D460D7-2C86-4E15-8B69-8158D2D8F656}"
EndProject
Global
	GlobalSection(SolutionConfigurationPlatforms) = preSolution
		Debug|Win32 = Debug|Win32
		Release|Win32 = Release|Win32
	EndGlobalSection
	GlobalSection(ProjectConfigurationPlatforms) = postSolution
		{F3D460D7-2C86-4E15-8B69-8158D2D8F656}.Debug|Win32.ActiveCfg = Debug|Win32
		{F3D460D7-2C86-4E15-8B69-8158D2D8F656}.Debug|Win32.Build.0 = Debug|Win32
		{F3D460D7-2C86-4E15-8B69-8158D2D8F656}.Release|Win32.ActiveCfg = Release|Win32
		{F3D460D7-2C86-4E15-8B69-8158D2D8F656}.Release|Win32.Build.0 = Release|Win32
	EndGlobalSection
	GlobalSection(SolutionProperties) = preSolution
		HideSolutionNode = FALSE
	EndGlobalSection
EndGlobal
