
Microsoft Visual Studio Solution File, Format Version 12.00
# Visual Studio 15
VisualStudioVersion = 15.0.27703.2042
MinimumVisualStudioVersion = 10.0.40219.1
Project("{FAE04EC0-301F-11D3-BF4B-00C04F79EFBC}") = "treeview", "treeview\treeview.csproj", "{DB940660-7239-4CB4-B3A8-E01734BEBC64}"
EndProject
Global
	GlobalSection(SolutionConfigurationPlatforms) = preSolution
		Debug|Any CPU = Debug|Any CPU
		Release|Any CPU = Release|Any CPU
	EndGlobalSection
	GlobalSection(ProjectConfigurationPlatforms) = postSolution
		{DB940660-7239-4CB4-B3A8-E01734BEBC64}.Debug|Any CPU.ActiveCfg = Debug|Any CPU
		{DB940660-7239-4CB4-B3A8-E01734BEBC64}.Debug|Any CPU.Build.0 = Debug|Any CPU
		{DB940660-7239-4CB4-B3A8-E01734BEBC64}.Release|Any CPU.ActiveCfg = Release|Any CPU
		{DB940660-7239-4CB4-B3A8-E01734BEBC64}.Release|Any CPU.Build.0 = Release|Any CPU
	EndGlobalSection
	GlobalSection(SolutionProperties) = preSolution
		HideSolutionNode = FALSE
	EndGlobalSection
	GlobalSection(ExtensibilityGlobals) = postSolution
		SolutionGuid = {E044342C-36E2-4CB8-8F9F-0C175F923415}
	EndGlobalSection
EndGlobal
