
Microsoft Visual Studio Solution File, Format Version 11.00
# Visual Studio 2010
Project("{8BC9CEB8-8B4A-11D0-8D11-00A0C91BC942}") = "CollegeManagemnt System", "CollegeManagemnt System\CollegeManagemnt System.vcxproj", "{78C23775-D8A0-4219-B8B7-538AD89DD8A4}"
EndProject
Global
	GlobalSection(SolutionConfigurationPlatforms) = preSolution
		Debug|Win32 = Debug|Win32
		Release|Win32 = Release|Win32
	EndGlobalSection
	GlobalSection(ProjectConfigurationPlatforms) = postSolution
		{78C23775-D8A0-4219-B8B7-538AD89DD8A4}.Debug|Win32.ActiveCfg = Debug|Win32
		{78C23775-D8A0-4219-B8B7-538AD89DD8A4}.Debug|Win32.Build.0 = Debug|Win32
		{78C23775-D8A0-4219-B8B7-538AD89DD8A4}.Release|Win32.ActiveCfg = Release|Win32
		{78C23775-D8A0-4219-B8B7-538AD89DD8A4}.Release|Win32.Build.0 = Release|Win32
	EndGlobalSection
	GlobalSection(SolutionProperties) = preSolution
		HideSolutionNode = FALSE
	EndGlobalSection
EndGlobal
