
Microsoft Visual Studio Solution File, Format Version 11.00
# Visual Studio 2010
Project("{8BC9CEB8-8B4A-11D0-8D11-00A0C91BC942}") = "telephoneDirectory", "telephoneDirectory\telephoneDirectory.vcxproj", "{F8B4ABDF-0665-4055-81FA-A66E08152991}"
EndProject
Global
	GlobalSection(SolutionConfigurationPlatforms) = preSolution
		Debug|Win32 = Debug|Win32
		Release|Win32 = Release|Win32
	EndGlobalSection
	GlobalSection(ProjectConfigurationPlatforms) = postSolution
		{F8B4ABDF-0665-4055-81FA-A66E08152991}.Debug|Win32.ActiveCfg = Debug|Win32
		{F8B4ABDF-0665-4055-81FA-A66E08152991}.Debug|Win32.Build.0 = Debug|Win32
		{F8B4ABDF-0665-4055-81FA-A66E08152991}.Release|Win32.ActiveCfg = Release|Win32
		{F8B4ABDF-0665-4055-81FA-A66E08152991}.Release|Win32.Build.0 = Release|Win32
	EndGlobalSection
	GlobalSection(SolutionProperties) = preSolution
		HideSolutionNode = FALSE
	EndGlobalSection
EndGlobal
